# This file is automatically @generated by Poetry and should not be changed by hand.

[[package]]
name = "drjit"
version = "0.4.0"
description = "A Just-In-Time-Compiler for Differentiable Rendering"
category = "main"
optional = false
python-versions = ">=3.8"
files = [
    {file = "drjit-0.4.0-cp310-cp310-macosx_10_14_x86_64.whl", hash = "sha256:9eb121fab3a98c22f41c08091afa7341c7357991df18ad293903e24dbcbf03de"},
    {file = "drjit-0.4.0-cp310-cp310-macosx_11_0_arm64.whl", hash = "sha256:3bd29cf1a7ab8f947d1fef639f183739445ef88a6cffd7ea869c486841dda4d3"},
    {file = "drjit-0.4.0-cp310-cp310-manylinux_2_17_x86_64.manylinux2014_x86_64.whl", hash = "sha256:33323f298067de6db1f17975356e2e37548f8f119631f2d458597f6bb7475e17"},
    {file = "drjit-0.4.0-cp310-cp310-win_amd64.whl", hash = "sha256:e0a5551e50fbcefe36af80cc2fac76ee5f83d988d60d9588e81701d054c9bd61"},
    {file = "drjit-0.4.0-cp311-cp311-macosx_10_14_x86_64.whl", hash = "sha256:f750e12c9c051af20beb5fc2ebb086ef4f9a72302042acbd9029db614370c8cb"},
    {file = "drjit-0.4.0-cp311-cp311-macosx_11_0_arm64.whl", hash = "sha256:66203ca1d6f58d83c45c03dcf89b12d05492acd9b3660cb4b83c369390f8b7f1"},
    {file = "drjit-0.4.0-cp311-cp311-manylinux_2_17_x86_64.manylinux2014_x86_64.whl", hash = "sha256:57592cfa12113288d68a400c4f997fb8ab175ef384986aef4f7c62523c089e71"},
    {file = "drjit-0.4.0-cp311-cp311-win_amd64.whl", hash = "sha256:bccac516c9b1ca80327afedb33907f2cf0b3fdd7400d8ed72e7bf0617da62949"},
    {file = "drjit-0.4.0-cp38-cp38-macosx_10_14_x86_64.whl", hash = "sha256:06b6a30db10a5b41b067c6e722eeea5b069dc22a01f0c3ad155fb5597bfbbe7b"},
    {file = "drjit-0.4.0-cp38-cp38-macosx_11_0_arm64.whl", hash = "sha256:1900dc6d9f63cad50a72e2d88e1dbe1f2e08801731c7b1ef8f2034c739ac72ce"},
    {file = "drjit-0.4.0-cp38-cp38-manylinux_2_17_x86_64.manylinux2014_x86_64.whl", hash = "sha256:13b59c19f4055c3287be4a38d6010cb1bcdd13406f33a7969318b31e43b17be8"},
    {file = "drjit-0.4.0-cp38-cp38-win_amd64.whl", hash = "sha256:98ce8e402dbb55ff18e3ac35e577277ba05b5b4e6f6dee075e6d9951f665ea0a"},
    {file = "drjit-0.4.0-cp39-cp39-macosx_10_14_x86_64.whl", hash = "sha256:7eed0cd7a93f0e286d5b35449c9da8a8844a16661b25efdf0d3f7a10d5681989"},
    {file = "drjit-0.4.0-cp39-cp39-macosx_11_0_arm64.whl", hash = "sha256:4589d1b8e4334170be0c7b2c25d8089b7f090d7e4ff94956fbd82ebb0c6acf7f"},
    {file = "drjit-0.4.0-cp39-cp39-manylinux_2_17_x86_64.manylinux2014_x86_64.whl", hash = "sha256:d9d916f48c5b53e288223ff7c78584185dd89293b16c70ee7b3ae1a3e14a759d"},
    {file = "drjit-0.4.0-cp39-cp39-win_amd64.whl", hash = "sha256:be5076658159564d33266fb9a86f4295c5b499716c6d67d6998e4ef42cf5eb49"},
]

[[package]]
name = "mitsuba"
version = "3.2.0"
description = "3: A Retargetable Forward and Inverse Renderer"
category = "main"
optional = false
python-versions = ">=3.8"
files = [
    {file = "mitsuba-3.2.0-cp310-cp310-macosx_10_14_x86_64.whl", hash = "sha256:9afa36136b498f59168642cb6a0a4f5c36fc9c09f1d71159bcf847f34c9a2b7b"},
    {file = "mitsuba-3.2.0-cp310-cp310-macosx_11_0_arm64.whl", hash = "sha256:853bb495e1693ed1ecbfda70076810a9400853ecd928d360315fa5211b4fc12a"},
    {file = "mitsuba-3.2.0-cp310-cp310-manylinux2014_x86_64.manylinux_2_17_x86_64.whl", hash = "sha256:ba3840eb9d2250b6a6f70fddb1c1d7df5d5db661df81b1b22754043806ea95bc"},
    {file = "mitsuba-3.2.0-cp310-cp310-win_amd64.whl", hash = "sha256:45979ab9221a9922f084349346185e90294a952e6f4895d73ef4dbeb0445f176"},
    {file = "mitsuba-3.2.0-cp311-cp311-macosx_10_14_x86_64.whl", hash = "sha256:fe1d516883b6c8896a205adc058a9085c2f5d1e0f1ae5cba5da9652208d42ce3"},
    {file = "mitsuba-3.2.0-cp311-cp311-macosx_11_0_arm64.whl", hash = "sha256:7bef915bc5c1d0e5eb39a4a3f23025288e1eded4c1097366bd5b04685d8189fb"},
    {file = "mitsuba-3.2.0-cp311-cp311-manylinux2014_x86_64.manylinux_2_17_x86_64.whl", hash = "sha256:ebaf6fba12506d4aaf178be4837a5f296d4e0fd2e797af968669df4c5dc4d60d"},
    {file = "mitsuba-3.2.0-cp311-cp311-win_amd64.whl", hash = "sha256:3bbf26c198fe8e2f5fa7b6618470ae3f8f08412b4bd4a630b0158fabdddb87f1"},
    {file = "mitsuba-3.2.0-cp38-cp38-macosx_10_14_x86_64.whl", hash = "sha256:6f5f5a2a1a6aac30718e020a36721273afcbeb6c1dd0a184f936cad1f1efa2e7"},
    {file = "mitsuba-3.2.0-cp38-cp38-macosx_11_0_arm64.whl", hash = "sha256:31da0b3485e27215666b46a79b35661d64e1ccb737e5888b1f7598a328e55b81"},
    {file = "mitsuba-3.2.0-cp38-cp38-manylinux2014_x86_64.manylinux_2_17_x86_64.whl", hash = "sha256:8f0b0d3d619e1314a3bcb152c938464949fed4653df12247e6657275d67c4920"},
    {file = "mitsuba-3.2.0-cp38-cp38-win_amd64.whl", hash = "sha256:f0474ffee4c4fe8e9f71ae6ce0b12e02bf8e2e80be54f1c7821d6b1beeae89c9"},
    {file = "mitsuba-3.2.0-cp39-cp39-macosx_10_14_x86_64.whl", hash = "sha256:2d0ca2971cf3f97e40a7e13231f36d1504e25ea6de1a7fd5738e8acdaba5cb07"},
    {file = "mitsuba-3.2.0-cp39-cp39-macosx_11_0_arm64.whl", hash = "sha256:168c1f519c9a0f28884e0ae487244e5aff9e37bc35ab04137f2a58c01ca66cd9"},
    {file = "mitsuba-3.2.0-cp39-cp39-manylinux2014_x86_64.manylinux_2_17_x86_64.whl", hash = "sha256:7f3abbb302aa54004d6f47a13cf20d6a368d9d23ac8738584101102ad2c63611"},
    {file = "mitsuba-3.2.0-cp39-cp39-win_amd64.whl", hash = "sha256:b5367b0ce183e16f463cf234226c75ee3a051eeb843ab1bcf826ab3770f39306"},
]

[package.dependencies]
drjit = "0.4.0"

[[package]]
name = "numpy"
version = "1.24.1"
description = "Fundamental package for array computing in Python"
category = "main"
optional = false
python-versions = ">=3.8"
files = [
    {file = "numpy-1.24.1-cp310-cp310-macosx_10_9_x86_64.whl", hash = "sha256:179a7ef0889ab769cc03573b6217f54c8bd8e16cef80aad369e1e8185f994cd7"},
    {file = "numpy-1.24.1-cp310-cp310-macosx_11_0_arm64.whl", hash = "sha256:b09804ff570b907da323b3d762e74432fb07955701b17b08ff1b5ebaa8cfe6a9"},
    {file = "numpy-1.24.1-cp310-cp310-manylinux_2_17_aarch64.manylinux2014_aarch64.whl", hash = "sha256:f1b739841821968798947d3afcefd386fa56da0caf97722a5de53e07c4ccedc7"},
    {file = "numpy-1.24.1-cp310-cp310-manylinux_2_17_x86_64.manylinux2014_x86_64.whl", hash = "sha256:0e3463e6ac25313462e04aea3fb8a0a30fb906d5d300f58b3bc2c23da6a15398"},
    {file = "numpy-1.24.1-cp310-cp310-win32.whl", hash = "sha256:b31da69ed0c18be8b77bfce48d234e55d040793cebb25398e2a7d84199fbc7e2"},
    {file = "numpy-1.24.1-cp310-cp310-win_amd64.whl", hash = "sha256:b07b40f5fb4fa034120a5796288f24c1fe0e0580bbfff99897ba6267af42def2"},
    {file = "numpy-1.24.1-cp311-cp311-macosx_10_9_x86_64.whl", hash = "sha256:7094891dcf79ccc6bc2a1f30428fa5edb1e6fb955411ffff3401fb4ea93780a8"},
    {file = "numpy-1.24.1-cp311-cp311-macosx_11_0_arm64.whl", hash = "sha256:28e418681372520c992805bb723e29d69d6b7aa411065f48216d8329d02ba032"},
    {file = "numpy-1.24.1-cp311-cp311-manylinux_2_17_aarch64.manylinux2014_aarch64.whl", hash = "sha256:e274f0f6c7efd0d577744f52032fdd24344f11c5ae668fe8d01aac0422611df1"},
    {file = "numpy-1.24.1-cp311-cp311-manylinux_2_17_x86_64.manylinux2014_x86_64.whl", hash = "sha256:0044f7d944ee882400890f9ae955220d29b33d809a038923d88e4e01d652acd9"},
    {file = "numpy-1.24.1-cp311-cp311-win32.whl", hash = "sha256:442feb5e5bada8408e8fcd43f3360b78683ff12a4444670a7d9e9824c1817d36"},
    {file = "numpy-1.24.1-cp311-cp311-win_amd64.whl", hash = "sha256:de92efa737875329b052982e37bd4371d52cabf469f83e7b8be9bb7752d67e51"},
    {file = "numpy-1.24.1-cp38-cp38-macosx_10_9_x86_64.whl", hash = "sha256:b162ac10ca38850510caf8ea33f89edcb7b0bb0dfa5592d59909419986b72407"},
    {file = "numpy-1.24.1-cp38-cp38-macosx_11_0_arm64.whl", hash = "sha256:26089487086f2648944f17adaa1a97ca6aee57f513ba5f1c0b7ebdabbe2b9954"},
    {file = "numpy-1.24.1-cp38-cp38-manylinux_2_17_aarch64.manylinux2014_aarch64.whl", hash = "sha256:caf65a396c0d1f9809596be2e444e3bd4190d86d5c1ce21f5fc4be60a3bc5b36"},
    {file = "numpy-1.24.1-cp38-cp38-manylinux_2_17_x86_64.manylinux2014_x86_64.whl", hash = "sha256:b0677a52f5d896e84414761531947c7a330d1adc07c3a4372262f25d84af7bf7"},
    {file = "numpy-1.24.1-cp38-cp38-win32.whl", hash = "sha256:dae46bed2cb79a58d6496ff6d8da1e3b95ba09afeca2e277628171ca99b99db1"},
    {file = "numpy-1.24.1-cp38-cp38-win_amd64.whl", hash = "sha256:6ec0c021cd9fe732e5bab6401adea5a409214ca5592cd92a114f7067febcba0c"},
    {file = "numpy-1.24.1-cp39-cp39-macosx_10_9_x86_64.whl", hash = "sha256:28bc9750ae1f75264ee0f10561709b1462d450a4808cd97c013046073ae64ab6"},
    {file = "numpy-1.24.1-cp39-cp39-macosx_11_0_arm64.whl", hash = "sha256:84e789a085aabef2f36c0515f45e459f02f570c4b4c4c108ac1179c34d475ed7"},
    {file = "numpy-1.24.1-cp39-cp39-manylinux_2_17_aarch64.manylinux2014_aarch64.whl", hash = "sha256:8e669fbdcdd1e945691079c2cae335f3e3a56554e06bbd45d7609a6cf568c700"},
    {file = "numpy-1.24.1-cp39-cp39-manylinux_2_17_x86_64.manylinux2014_x86_64.whl", hash = "sha256:ef85cf1f693c88c1fd229ccd1055570cb41cdf4875873b7728b6301f12cd05bf"},
    {file = "numpy-1.24.1-cp39-cp39-win32.whl", hash = "sha256:87a118968fba001b248aac90e502c0b13606721b1343cdaddbc6e552e8dfb56f"},
    {file = "numpy-1.24.1-cp39-cp39-win_amd64.whl", hash = "sha256:ddc7ab52b322eb1e40521eb422c4e0a20716c271a306860979d450decbb51b8e"},
    {file = "numpy-1.24.1-pp38-pypy38_pp73-macosx_10_9_x86_64.whl", hash = "sha256:ed5fb71d79e771ec930566fae9c02626b939e37271ec285e9efaf1b5d4370e7d"},
    {file = "numpy-1.24.1-pp38-pypy38_pp73-manylinux_2_17_x86_64.manylinux2014_x86_64.whl", hash = "sha256:ad2925567f43643f51255220424c23d204024ed428afc5aad0f86f3ffc080086"},
    {file = "numpy-1.24.1-pp38-pypy38_pp73-win_amd64.whl", hash = "sha256:cfa1161c6ac8f92dea03d625c2d0c05e084668f4a06568b77a25a89111621566"},
    {file = "numpy-1.24.1.tar.gz", hash = "sha256:2386da9a471cc00a1f47845e27d916d5ec5346ae9696e01a8a34760858fe9dd2"},
]

[metadata]
lock-version = "2.0"
python-versions = "^3.10.0"
content-hash = "652d11f8eb2c67e2a65125a9a1f0f5b39fbcf935b80fae2195143bbb70da8a38"
