
Microsoft Visual Studio Solution File, Format Version 12.00
# Visual Studio Version 17
VisualStudioVersion = 17.9.34622.214
MinimumVisualStudioVersion = 10.0.40219.1
Project("{8BC9CEB8-8B4A-11D0-8D11-00A0C91BC942}") = "hello_world", "hello_world.vcxproj", "{0B64FEB0-BFE6-4DC3-8E66-D68880E13429}"
EndProject
Global
	GlobalSection(SolutionConfigurationPlatforms) = preSolution
		Debug|x64 = Debug|x64
		Debug|x86 = Debug|x86
		Release|x64 = Release|x64
		Release|x86 = Release|x86
	EndGlobalSection
	GlobalSection(ProjectConfigurationPlatforms) = postSolution
		{0B64FEB0-BFE6-4DC3-8E66-D68880E13429}.Debug|x64.ActiveCfg = Debug|x64
		{0B64FEB0-BFE6-4DC3-8E66-D68880E13429}.Debug|x64.Build.0 = Debug|x64
		{0B64FEB0-BFE6-4DC3-8E66-D68880E13429}.Debug|x86.ActiveCfg = Debug|Win32
		{0B64FEB0-BFE6-4DC3-8E66-D68880E13429}.Debug|x86.Build.0 = Debug|Win32
		{0B64FEB0-BFE6-4DC3-8E66-D68880E13429}.Release|x64.ActiveCfg = Release|x64
		{0B64FEB0-BFE6-4DC3-8E66-D68880E13429}.Release|x64.Build.0 = Release|x64
		{0B64FEB0-BFE6-4DC3-8E66-D68880E13429}.Release|x86.ActiveCfg = Release|Win32
		{0B64FEB0-BFE6-4DC3-8E66-D68880E13429}.Release|x86.Build.0 = Release|Win32
	EndGlobalSection
	GlobalSection(SolutionProperties) = preSolution
		HideSolutionNode = FALSE
	EndGlobalSection
	GlobalSection(ExtensibilityGlobals) = postSolution
		SolutionGuid = {B81B7287-2B7C-4E0A-A7A0-B8D3000E0F07}
	EndGlobalSection
EndGlobal
